
Microsoft Visual Studio Solution File, Format Version 12.00
Project("{FAE04EC0-301F-11D3-BF4B-00C04F79EFBC}") = "Uni.Instance.Backend", "Uni.Instance.Backend\Uni.Instance.Backend.csproj", "{42233B6A-FC78-4CFF-AA85-DA5689E9BAED}"
EndProject
Project("{FAE04EC0-301F-11D3-BF4B-00C04F79EFBC}") = "Uni.Instance.Backend.Tests.Unit", "Uni.Instance.Backend.Tests.Unit\Uni.Instance.Backend.Tests.Unit.csproj", "{216939F5-6817-4112-B848-0BA4FE1D7937}"
EndProject
Global
	GlobalSection(SolutionConfigurationPlatforms) = preSolution
		Debug|Any CPU = Debug|Any CPU
		Release|Any CPU = Release|Any CPU
	EndGlobalSection
	GlobalSection(ProjectConfigurationPlatforms) = postSolution
		{42233B6A-FC78-4CFF-AA85-DA5689E9BAED}.Debug|Any CPU.ActiveCfg = Debug|Any CPU
		{42233B6A-FC78-4CFF-AA85-DA5689E9BAED}.Debug|Any CPU.Build.0 = Debug|Any CPU
		{42233B6A-FC78-4CFF-AA85-DA5689E9BAED}.Release|Any CPU.ActiveCfg = Release|Any CPU
		{42233B6A-FC78-4CFF-AA85-DA5689E9BAED}.Release|Any CPU.Build.0 = Release|Any CPU
		{216939F5-6817-4112-B848-0BA4FE1D7937}.Debug|Any CPU.ActiveCfg = Debug|Any CPU
		{216939F5-6817-4112-B848-0BA4FE1D7937}.Debug|Any CPU.Build.0 = Debug|Any CPU
		{216939F5-6817-4112-B848-0BA4FE1D7937}.Release|Any CPU.ActiveCfg = Release|Any CPU
		{216939F5-6817-4112-B848-0BA4FE1D7937}.Release|Any CPU.Build.0 = Release|Any CPU
	EndGlobalSection
EndGlobal
